
Microsoft Visual Studio Solution File, Format Version 12.00
# Visual Studio Version 16
VisualStudioVersion = 16.0.30406.217
MinimumVisualStudioVersion = 10.0.40219.1
Project("{FAE04EC0-301F-11D3-BF4B-00C04F79EFBC}") = "AplikasiLatihanTiga3", "AplikasiLatihanTiga3\AplikasiLatihanTiga3.csproj", "{711D3983-0FA5-45F3-93BB-C61DF5624FA6}"
EndProject
Global
	GlobalSection(SolutionConfigurationPlatforms) = preSolution
		Debug|Any CPU = Debug|Any CPU
		Release|Any CPU = Release|Any CPU
	EndGlobalSection
	GlobalSection(ProjectConfigurationPlatforms) = postSolution
		{711D3983-0FA5-45F3-93BB-C61DF5624FA6}.Debug|Any CPU.ActiveCfg = Debug|Any CPU
		{711D3983-0FA5-45F3-93BB-C61DF5624FA6}.Debug|Any CPU.Build.0 = Debug|Any CPU
		{711D3983-0FA5-45F3-93BB-C61DF5624FA6}.Release|Any CPU.ActiveCfg = Release|Any CPU
		{711D3983-0FA5-45F3-93BB-C61DF5624FA6}.Release|Any CPU.Build.0 = Release|Any CPU
	EndGlobalSection
	GlobalSection(SolutionProperties) = preSolution
		HideSolutionNode = FALSE
	EndGlobalSection
	GlobalSection(ExtensibilityGlobals) = postSolution
		SolutionGuid = {D962E92F-0D2C-42F9-89C0-73581576BDD5}
	EndGlobalSection
EndGlobal
